
Microsoft Visual Studio Solution File, Format Version 12.00
# Visual Studio Version 16
VisualStudioVersion = 16.0.33130.400
MinimumVisualStudioVersion = 10.0.40219.1
Project("{FAE04EC0-301F-11D3-BF4B-00C04F79EFBC}") = "Prac_13_1", "Prac_13_1\Prac_13_1.csproj", "{D9983473-7E94-4DB2-8E01-3C132B8E7BC0}"
EndProject
Global
	GlobalSection(SolutionConfigurationPlatforms) = preSolution
		Debug|Any CPU = Debug|Any CPU
		Release|Any CPU = Release|Any CPU
	EndGlobalSection
	GlobalSection(ProjectConfigurationPlatforms) = postSolution
		{D9983473-7E94-4DB2-8E01-3C132B8E7BC0}.Debug|Any CPU.ActiveCfg = Debug|Any CPU
		{D9983473-7E94-4DB2-8E01-3C132B8E7BC0}.Debug|Any CPU.Build.0 = Debug|Any CPU
		{D9983473-7E94-4DB2-8E01-3C132B8E7BC0}.Release|Any CPU.ActiveCfg = Release|Any CPU
		{D9983473-7E94-4DB2-8E01-3C132B8E7BC0}.Release|Any CPU.Build.0 = Release|Any CPU
	EndGlobalSection
	GlobalSection(SolutionProperties) = preSolution
		HideSolutionNode = FALSE
	EndGlobalSection
	GlobalSection(ExtensibilityGlobals) = postSolution
		SolutionGuid = {CD2E38E9-0D00-4A2C-9E9D-02766C1A1101}
	EndGlobalSection
EndGlobal
